
Microsoft Visual Studio Solution File, Format Version 12.00
# Visual Studio Version 17
VisualStudioVersion = 17.14.36915.13 d17.14
MinimumVisualStudioVersion = 10.0.40219.1
Project("{FAE04EC0-301F-11D3-BF4B-00C04F79EFBC}") = "MidtermsLab1", "MidtermsLab1\MidtermsLab1.csproj", "{DED5CA2F-8503-4841-896C-3D259D177D83}"
EndProject
Global
	GlobalSection(SolutionConfigurationPlatforms) = preSolution
		Debug|Any CPU = Debug|Any CPU
		Release|Any CPU = Release|Any CPU
	EndGlobalSection
	GlobalSection(ProjectConfigurationPlatforms) = postSolution
		{DED5CA2F-8503-4841-896C-3D259D177D83}.Debug|Any CPU.ActiveCfg = Debug|Any CPU
		{DED5CA2F-8503-4841-896C-3D259D177D83}.Debug|Any CPU.Build.0 = Debug|Any CPU
		{DED5CA2F-8503-4841-896C-3D259D177D83}.Release|Any CPU.ActiveCfg = Release|Any CPU
		{DED5CA2F-8503-4841-896C-3D259D177D83}.Release|Any CPU.Build.0 = Release|Any CPU
	EndGlobalSection
	GlobalSection(SolutionProperties) = preSolution
		HideSolutionNode = FALSE
	EndGlobalSection
	GlobalSection(ExtensibilityGlobals) = postSolution
		SolutionGuid = {82E81A79-5E87-4657-997A-EB468B7C9943}
	EndGlobalSection
EndGlobal
